{
  "version": 4,
  "terraform_version": "1.5.7",
  "serial": 4,
  "lineage": "81f25efe-f0fb-8712-39b0-7fc4db873b88",
  "outputs": {},
  "resources": [
    {
      "mode": "managed",
      "type": "google_container_cluster",
      "name": "zi_cluster",
      "provider": "provider[\"registry.terraform.io/hashicorp/google\"]",
      "instances": [
        {
          "schema_version": 1,
          "attributes": {
            "addons_config": [
              {
                "cloudrun_config": [],
                "config_connector_config": [],
                "dns_cache_config": [],
                "gce_persistent_disk_csi_driver_config": [
                  {
                    "enabled": true
                  }
                ],
                "gcp_filestore_csi_driver_config": [],
                "gcs_fuse_csi_driver_config": [],
                "gke_backup_agent_config": [],
                "horizontal_pod_autoscaling": [],
                "http_load_balancing": [],
                "network_policy_config": [
                  {
                    "disabled": true
                  }
                ]
              }
            ],
            "allow_net_admin": null,
            "authenticator_groups_config": [],
            "binary_authorization": [
              {
                "enabled": false,
                "evaluation_mode": ""
              }
            ],
            "cluster_autoscaling": [
              {
                "auto_provisioning_defaults": [],
                "enabled": false,
                "resource_limits": []
              }
            ],
            "cluster_ipv4_cidr": "10.0.0.0/14",
            "confidential_nodes": [],
            "cost_management_config": [],
            "database_encryption": [
              {
                "key_name": "",
                "state": "DECRYPTED"
              }
            ],
            "datapath_provider": "",
            "default_max_pods_per_node": null,
            "default_snat_status": [
              {
                "disabled": false
              }
            ],
            "description": "",
            "dns_config": [],
            "enable_autopilot": false,
            "enable_binary_authorization": false,
            "enable_intranode_visibility": false,
            "enable_k8s_beta_apis": [],
            "enable_kubernetes_alpha": false,
            "enable_l4_ilb_subsetting": false,
            "enable_legacy_abac": false,
            "enable_shielded_nodes": true,
            "enable_tpu": false,
            "endpoint": "130.211.123.22",
            "gateway_api_config": [],
            "id": "projects/zoominfo-project/locations/us-central1/clusters/zi-cluster",
            "initial_node_count": 0,
            "ip_allocation_policy": [],
            "label_fingerprint": "a9dc16a7",
            "location": "us-central1",
            "logging_config": [
              {
                "enable_components": [
                  "SYSTEM_COMPONENTS",
                  "WORKLOADS"
                ]
              }
            ],
            "logging_service": "logging.googleapis.com/kubernetes",
            "maintenance_policy": [],
            "master_auth": [
              {
                "client_certificate": "",
                "client_certificate_config": [
                  {
                    "issue_client_certificate": false
                  }
                ],
                "client_key": "",
                "cluster_ca_certificate": "LS0tLS1CRUdJTiBDRVJUSUZJQ0FURS0tLS0tCk1JSUVMVENDQXBXZ0F3SUJBZ0lSQUtvVDd4R0Q0OFNhN05UNjlGeU5VTEV3RFFZSktvWklodmNOQVFFTEJRQXcKTHpFdE1Dc0dBMVVFQXhNa00yVXpaRGs0TXpjdE5qZG1PUzAwTmpZMUxXSTNNalF0TVRoaE5UQTJPVGxoT0RSaQpNQ0FYRFRJek1Ea3pNREV6TWpjME9Gb1lEekl3TlRNd09USXlNVFF5TnpRNFdqQXZNUzB3S3dZRFZRUURFeVF6ClpUTmtPVGd6TnkwMk4yWTVMVFEyTmpVdFlqY3lOQzB4T0dFMU1EWTVPV0U0TkdJd2dnR2lNQTBHQ1NxR1NJYjMKRFFFQkFRVUFBNElCandBd2dnR0tBb0lCZ1FEU3FkaUdzVlVtWHhrNHNyajYxWnRRcm9Ha0picURjWTFVSXVHbQpieW9wWlpVaDg1c29KWVV4L0pJUk1kTXVwa2lwdXV5dkRtR1U0bVNIangrc1B4eS9XQ0k2ZWhoVEd5RlVxM2NvCi9oemNSZDMrS055Q3pMMk9ERUpJd3l2Z040TW9TVE9WQVgreWkwcXppNWhET0ZpYm1KSkgycFc4QUxnSTFRZjMKRExHdit3ODVUZmxPMHRscGcvV0pPdmR4eHBkYVlwcDlJK0tYUkFCT3BrR0RHeU5yZk02SUpjVnprcHdTMU9veAp1TzYrd1lTc083WEFSVEd3SElkRHhQdTE3ZzN2bWJscysvd1hodjVOUWVBYVFqNVNFSzY0eEQ2a0tYNitjN0NEClZDaytqY1hXN0g0U3RnNDNVNXh5c0lrd0xjNTNtRU4wdFEvZnZuWkt0MTIrV3NlTE5HcENvdUwzenl4dXVrN1YKMFlMUUY2amtTNVNwZkloS09iYkNsdk9XS2JVclhjellNZDd3cUdiZGdhMmgwV056bGxZV3Fjb1RyU0UwNEVHOQpLcjVDTnYvdlBZeEZ4Njg3bDl3RVYzVmI1WERCS2hSS0Z5UDBna3dXZDdPNHErR3I3R0svNUFrWUF2WGdObnkyClZHOUMzVURBUENlaE9sNmE0VDB2OTJaOXo2c0NBd0VBQWFOQ01FQXdEZ1lEVlIwUEFRSC9CQVFEQWdJRU1BOEcKQTFVZEV3RUIvd1FGTUFNQkFmOHdIUVlEVlIwT0JCWUVGTm9WeVdnYms5cFNkK1ByL2wwZW1EU0RPZUN1TUEwRwpDU3FHU0liM0RRRUJDd1VBQTRJQmdRQzQ3QXI1bUZNZVJ0Q3JOTVpHcExzR2c5ZjVTcExmT1kwcU1KNUtuRVBPCm1wT1hhd211a3ZCRzZsRHZtT2t6TmJjVTJZaUhvYXZvOFl5WHBXM2pSV3RnSnFmSkQrMVlobjVNb0d3ZkVnOFoKaHRhRXNqNTNsZGJBKzg3TGxiRGQyczlWQkRhVU9VZ0dJU1FJMWtlWmtZSGdpYkR5ZldiZVJvVDJLMXJMT2RaSwpFNmU5SlZkaEI2QWJjS0s4bjNXOTNxbTRpNmp6andOM1F5enFqbUlRRHBXSFhuMit2RlhrZnlOZzlxckhuSEZWClB3TFhobnBQZkdzWndmNmNta2dXam9tRmRNd2NVMHdEYXVuQ2x5Vk90aFFyNGsrRmtPR04zd3BFallWbDA5MXIKTFh1SGNnN3ZFWFQrMXRjdWlzL3RVMDJmTUtXakhtbkwyeVowM29lNHVqNW9sd3BzSzZld3MyNk9tMEZLckF4dgpweitmTCtqeWpxdzBxbXJ2KzVPcEtsUWZieDVFOTAzNTg0eUFTWnBXMWd4RDFxSHhGSnNPZUpGRTFnUnRqVTZ1CnJKR0xnWmFWUm1WcTRJNnkwODZKOXFSQnU4a0xCclZKeWF3SUFkYi9RN0hkMkEzYVptNmNCVHdWRGNqRWYzVm0KVEtkbnk3SVZNcXZ2MGcvdFlESWNMN3c9Ci0tLS0tRU5EIENFUlRJRklDQVRFLS0tLS0K"
              }
            ],
            "master_authorized_networks_config": [],
            "master_version": "1.25.12-gke.500",
            "mesh_certificates": [],
            "min_master_version": "1.25",
            "monitoring_config": [
              {
                "advanced_datapath_observability_config": [
                  {
                    "enable_metrics": false,
                    "relay_mode": "DISABLED"
                  }
                ],
                "enable_components": [
                  "SYSTEM_COMPONENTS"
                ],
                "managed_prometheus": []
              }
            ],
            "monitoring_service": "monitoring.googleapis.com/kubernetes",
            "name": "zi-cluster",
            "network": "projects/zoominfo-project/global/networks/default",
            "network_policy": [
              {
                "enabled": false,
                "provider": "PROVIDER_UNSPECIFIED"
              }
            ],
            "networking_mode": "ROUTES",
            "node_config": [
              {
                "advanced_machine_features": [],
                "boot_disk_kms_key": "",
                "confidential_nodes": [],
                "disk_size_gb": 100,
                "disk_type": "pd-balanced",
                "ephemeral_storage_local_ssd_config": [],
                "fast_socket": [],
                "gcfs_config": [],
                "guest_accelerator": [],
                "gvnic": [],
                "host_maintenance_policy": [],
                "image_type": "COS_CONTAINERD",
                "kubelet_config": [],
                "labels": {},
                "linux_node_config": [],
                "local_nvme_ssd_block_config": [],
                "local_ssd_count": 0,
                "logging_variant": "DEFAULT",
                "machine_type": "e2-medium",
                "metadata": {
                  "disable-legacy-endpoints": "true"
                },
                "min_cpu_platform": "",
                "node_group": "",
                "oauth_scopes": [
                  "https://www.googleapis.com/auth/devstorage.read_only",
                  "https://www.googleapis.com/auth/logging.write",
                  "https://www.googleapis.com/auth/monitoring",
                  "https://www.googleapis.com/auth/service.management.readonly",
                  "https://www.googleapis.com/auth/servicecontrol",
                  "https://www.googleapis.com/auth/trace.append"
                ],
                "preemptible": false,
                "reservation_affinity": [],
                "resource_labels": {},
                "service_account": "default",
                "shielded_instance_config": [
                  {
                    "enable_integrity_monitoring": true,
                    "enable_secure_boot": false
                  }
                ],
                "sole_tenant_config": [],
                "spot": false,
                "tags": [],
                "taint": [],
                "workload_metadata_config": []
              }
            ],
            "node_locations": [
              "us-central1-a",
              "us-central1-c",
              "us-central1-f"
            ],
            "node_pool": [
              {
                "autoscaling": [],
                "initial_node_count": 1,
                "instance_group_urls": [
                  "https://www.googleapis.com/compute/v1/projects/zoominfo-project/zones/us-central1-a/instanceGroupManagers/gke-zi-cluster-default-pool-76f9c92a-grp",
                  "https://www.googleapis.com/compute/v1/projects/zoominfo-project/zones/us-central1-f/instanceGroupManagers/gke-zi-cluster-default-pool-69811fb2-grp",
                  "https://www.googleapis.com/compute/v1/projects/zoominfo-project/zones/us-central1-c/instanceGroupManagers/gke-zi-cluster-default-pool-bfdd8eb0-grp"
                ],
                "managed_instance_group_urls": [
                  "https://www.googleapis.com/compute/v1/projects/zoominfo-project/zones/us-central1-a/instanceGroups/gke-zi-cluster-default-pool-76f9c92a-grp",
                  "https://www.googleapis.com/compute/v1/projects/zoominfo-project/zones/us-central1-f/instanceGroups/gke-zi-cluster-default-pool-69811fb2-grp",
                  "https://www.googleapis.com/compute/v1/projects/zoominfo-project/zones/us-central1-c/instanceGroups/gke-zi-cluster-default-pool-bfdd8eb0-grp"
                ],
                "management": [
                  {
                    "auto_repair": true,
                    "auto_upgrade": true
                  }
                ],
                "max_pods_per_node": 0,
                "name": "default-pool",
                "name_prefix": "",
                "network_config": [
                  {
                    "create_pod_range": false,
                    "enable_private_nodes": false,
                    "pod_cidr_overprovision_config": [],
                    "pod_ipv4_cidr_block": "",
                    "pod_range": ""
                  }
                ],
                "node_config": [
                  {
                    "advanced_machine_features": [],
                    "boot_disk_kms_key": "",
                    "confidential_nodes": [],
                    "disk_size_gb": 100,
                    "disk_type": "pd-balanced",
                    "ephemeral_storage_local_ssd_config": [],
                    "fast_socket": [],
                    "gcfs_config": [],
                    "guest_accelerator": [],
                    "gvnic": [],
                    "host_maintenance_policy": [],
                    "image_type": "COS_CONTAINERD",
                    "kubelet_config": [],
                    "labels": {},
                    "linux_node_config": [],
                    "local_nvme_ssd_block_config": [],
                    "local_ssd_count": 0,
                    "logging_variant": "DEFAULT",
                    "machine_type": "e2-medium",
                    "metadata": {
                      "disable-legacy-endpoints": "true"
                    },
                    "min_cpu_platform": "",
                    "node_group": "",
                    "oauth_scopes": [
                      "https://www.googleapis.com/auth/devstorage.read_only",
                      "https://www.googleapis.com/auth/logging.write",
                      "https://www.googleapis.com/auth/monitoring",
                      "https://www.googleapis.com/auth/service.management.readonly",
                      "https://www.googleapis.com/auth/servicecontrol",
                      "https://www.googleapis.com/auth/trace.append"
                    ],
                    "preemptible": false,
                    "reservation_affinity": [],
                    "resource_labels": {},
                    "service_account": "default",
                    "shielded_instance_config": [
                      {
                        "enable_integrity_monitoring": true,
                        "enable_secure_boot": false
                      }
                    ],
                    "sole_tenant_config": [],
                    "spot": false,
                    "tags": [],
                    "taint": [],
                    "workload_metadata_config": []
                  }
                ],
                "node_count": 1,
                "node_locations": [
                  "us-central1-a",
                  "us-central1-c",
                  "us-central1-f"
                ],
                "placement_policy": [],
                "upgrade_settings": [
                  {
                    "blue_green_settings": [],
                    "max_surge": 1,
                    "max_unavailable": 0,
                    "strategy": "SURGE"
                  }
                ],
                "version": "1.25.12-gke.500"
              }
            ],
            "node_pool_auto_config": [],
            "node_pool_defaults": [
              {
                "node_config_defaults": [
                  {
                    "logging_variant": "DEFAULT"
                  }
                ]
              }
            ],
            "node_version": "1.25.12-gke.500",
            "notification_config": [
              {
                "pubsub": [
                  {
                    "enabled": false,
                    "filter": [],
                    "topic": ""
                  }
                ]
              }
            ],
            "operation": null,
            "private_cluster_config": [
              {
                "enable_private_endpoint": false,
                "enable_private_nodes": false,
                "master_global_access_config": [
                  {
                    "enabled": false
                  }
                ],
                "master_ipv4_cidr_block": "",
                "peering_name": "",
                "private_endpoint": "10.128.0.10",
                "private_endpoint_subnetwork": "",
                "public_endpoint": "130.211.123.22"
              }
            ],
            "private_ipv6_google_access": "",
            "project": "zoominfo-project",
            "release_channel": [
              {
                "channel": "STABLE"
              }
            ],
            "remove_default_node_pool": null,
            "resource_labels": {},
            "resource_usage_export_config": [],
            "security_posture_config": [
              {
                "mode": "MODE_UNSPECIFIED",
                "vulnerability_mode": "VULNERABILITY_MODE_UNSPECIFIED"
              }
            ],
            "self_link": "https://container.googleapis.com/v1/projects/zoominfo-project/locations/us-central1/clusters/zi-cluster",
            "service_external_ips_config": [
              {
                "enabled": false
              }
            ],
            "services_ipv4_cidr": "10.3.240.0/20",
            "subnetwork": "projects/zoominfo-project/regions/us-central1/subnetworks/default",
            "timeouts": null,
            "tpu_ipv4_cidr_block": "",
            "vertical_pod_autoscaling": [],
            "workload_identity_config": []
          },
          "sensitive_attributes": [],
          "private": "eyJlMmJmYjczMC1lY2FhLTExZTYtOGY4OC0zNDM2M2JjN2M0YzAiOnsiY3JlYXRlIjoyNDAwMDAwMDAwMDAwLCJkZWxldGUiOjI0MDAwMDAwMDAwMDAsInJlYWQiOjI0MDAwMDAwMDAwMDAsInVwZGF0ZSI6MzYwMDAwMDAwMDAwMH0sInNjaGVtYV92ZXJzaW9uIjoiMSJ9"
        }
      ]
    },
    {
      "mode": "managed",
      "type": "google_storage_bucket",
      "name": "zinfo_bucket",
      "provider": "provider[\"registry.terraform.io/hashicorp/google\"]",
      "instances": [
        {
          "schema_version": 0,
          "attributes": {
            "autoclass": [],
            "cors": [],
            "custom_placement_config": [],
            "default_event_based_hold": false,
            "encryption": [],
            "force_destroy": true,
            "id": "zinfo-bucket",
            "labels": {},
            "lifecycle_rule": [],
            "location": "US",
            "logging": [],
            "name": "zinfo-bucket",
            "project": "zoominfo-project",
            "public_access_prevention": "inherited",
            "requester_pays": false,
            "retention_policy": [],
            "self_link": "https://www.googleapis.com/storage/v1/b/zinfo-bucket",
            "storage_class": "STANDARD",
            "timeouts": null,
            "uniform_bucket_level_access": false,
            "url": "gs://zinfo-bucket",
            "versioning": [],
            "website": []
          },
          "sensitive_attributes": [],
          "private": "eyJlMmJmYjczMC1lY2FhLTExZTYtOGY4OC0zNDM2M2JjN2M0YzAiOnsiY3JlYXRlIjo2MDAwMDAwMDAwMDAsInJlYWQiOjI0MDAwMDAwMDAwMCwidXBkYXRlIjoyNDAwMDAwMDAwMDB9fQ=="
        }
      ]
    }
  ],
  "check_results": null
}
