{
  "version": 4,
  "terraform_version": "1.5.7",
  "serial": 23,
  "lineage": "3278e60b-9b52-7a1e-ac62-9b8dbf01f881",
  "outputs": {},
  "resources": [
    {
      "mode": "managed",
      "type": "google_compute_forwarding_rule",
      "name": "lb_forwarding_rule",
      "provider": "provider[\"registry.terraform.io/hashicorp/google\"]",
      "instances": [
        {
          "schema_version": 0,
          "attributes": {
            "all_ports": false,
            "allow_global_access": false,
            "allow_psc_global_access": false,
            "backend_service": "",
            "base_forwarding_rule": "",
            "creation_timestamp": "2023-10-01T07:52:46.753-07:00",
            "description": "",
            "id": "projects/zoominfo-project/regions/us-central1/forwardingRules/zi-lb-forwarding-rule",
            "ip_address": "34.41.205.221",
            "ip_protocol": "TCP",
            "ip_version": "",
            "is_mirroring_collector": false,
            "label_fingerprint": "42WmSpB8rSM=",
            "labels": null,
            "load_balancing_scheme": "EXTERNAL",
            "name": "zi-lb-forwarding-rule",
            "network": "",
            "network_tier": "PREMIUM",
            "no_automate_dns_zone": null,
            "port_range": "80-80",
            "ports": null,
            "project": "zoominfo-project",
            "psc_connection_id": "",
            "psc_connection_status": "",
            "region": "us-central1",
            "self_link": "https://www.googleapis.com/compute/v1/projects/zoominfo-project/regions/us-central1/forwardingRules/zi-lb-forwarding-rule",
            "service_directory_registrations": [],
            "service_label": "",
            "service_name": "",
            "source_ip_ranges": null,
            "subnetwork": "",
            "target": "https://www.googleapis.com/compute/v1/projects/zoominfo-project/regions/us-central1/targetPools/zi-lb-target-pool",
            "timeouts": null
          },
          "sensitive_attributes": [],
          "private": "eyJlMmJmYjczMC1lY2FhLTExZTYtOGY4OC0zNDM2M2JjN2M0YzAiOnsiY3JlYXRlIjoxMjAwMDAwMDAwMDAwLCJkZWxldGUiOjEyMDAwMDAwMDAwMDAsInVwZGF0ZSI6MTIwMDAwMDAwMDAwMH19",
          "dependencies": [
            "google_compute_target_pool.lb_target_pool"
          ]
        }
      ]
    },
    {
      "mode": "managed",
      "type": "google_compute_http_health_check",
      "name": "lb_health_check",
      "provider": "provider[\"registry.terraform.io/hashicorp/google\"]",
      "instances": [
        {
          "schema_version": 0,
          "attributes": {
            "check_interval_sec": 10,
            "creation_timestamp": "2023-10-01T07:52:42.286-07:00",
            "description": "",
            "healthy_threshold": 2,
            "host": "",
            "id": "projects/zoominfo-project/global/httpHealthChecks/zi-lb-health-check",
            "name": "zi-lb-health-check",
            "port": 80,
            "project": "zoominfo-project",
            "request_path": "/",
            "self_link": "https://www.googleapis.com/compute/v1/projects/zoominfo-project/global/httpHealthChecks/zi-lb-health-check",
            "timeout_sec": 5,
            "timeouts": null,
            "unhealthy_threshold": 2
          },
          "sensitive_attributes": [],
          "private": "eyJlMmJmYjczMC1lY2FhLTExZTYtOGY4OC0zNDM2M2JjN2M0YzAiOnsiY3JlYXRlIjoxMjAwMDAwMDAwMDAwLCJkZWxldGUiOjEyMDAwMDAwMDAwMDAsInVwZGF0ZSI6MTIwMDAwMDAwMDAwMH19"
        }
      ]
    },
    {
      "mode": "managed",
      "type": "google_compute_target_pool",
      "name": "lb_target_pool",
      "provider": "provider[\"registry.terraform.io/hashicorp/google\"]",
      "instances": [
        {
          "schema_version": 0,
          "attributes": {
            "backup_pool": "",
            "description": "",
            "failover_ratio": 0,
            "health_checks": null,
            "id": "projects/zoominfo-project/regions/us-central1/targetPools/zi-lb-target-pool",
            "instances": [],
            "name": "zi-lb-target-pool",
            "project": "zoominfo-project",
            "region": "us-central1",
            "self_link": "https://www.googleapis.com/compute/v1/projects/zoominfo-project/regions/us-central1/targetPools/zi-lb-target-pool",
            "session_affinity": "NONE",
            "timeouts": null
          },
          "sensitive_attributes": [],
          "private": "eyJlMmJmYjczMC1lY2FhLTExZTYtOGY4OC0zNDM2M2JjN2M0YzAiOnsiY3JlYXRlIjoyNDAwMDAwMDAwMDAsImRlbGV0ZSI6MjQwMDAwMDAwMDAwLCJ1cGRhdGUiOjI0MDAwMDAwMDAwMH19"
        }
      ]
    },
    {
      "mode": "managed",
      "type": "google_container_cluster",
      "name": "zi_cluster",
      "provider": "provider[\"registry.terraform.io/hashicorp/google\"]",
      "instances": [
        {
          "schema_version": 1,
          "attributes": {
            "addons_config": [
              {
                "cloudrun_config": [],
                "config_connector_config": [],
                "dns_cache_config": [],
                "gce_persistent_disk_csi_driver_config": [
                  {
                    "enabled": true
                  }
                ],
                "gcp_filestore_csi_driver_config": [],
                "gcs_fuse_csi_driver_config": [],
                "gke_backup_agent_config": [],
                "horizontal_pod_autoscaling": [],
                "http_load_balancing": [],
                "network_policy_config": [
                  {
                    "disabled": true
                  }
                ]
              }
            ],
            "allow_net_admin": null,
            "authenticator_groups_config": [],
            "binary_authorization": [
              {
                "enabled": false,
                "evaluation_mode": ""
              }
            ],
            "cluster_autoscaling": [
              {
                "auto_provisioning_defaults": [],
                "enabled": false,
                "resource_limits": []
              }
            ],
            "cluster_ipv4_cidr": "10.0.0.0/14",
            "confidential_nodes": [],
            "cost_management_config": [],
            "database_encryption": [
              {
                "key_name": "",
                "state": "DECRYPTED"
              }
            ],
            "datapath_provider": "",
            "default_max_pods_per_node": null,
            "default_snat_status": [
              {
                "disabled": false
              }
            ],
            "description": "",
            "dns_config": [],
            "enable_autopilot": false,
            "enable_binary_authorization": false,
            "enable_intranode_visibility": false,
            "enable_k8s_beta_apis": [],
            "enable_kubernetes_alpha": false,
            "enable_l4_ilb_subsetting": false,
            "enable_legacy_abac": false,
            "enable_shielded_nodes": true,
            "enable_tpu": false,
            "endpoint": "34.72.191.184",
            "gateway_api_config": [],
            "id": "projects/zoominfo-project/locations/us-central1-a/clusters/zi-cluster",
            "initial_node_count": 1,
            "ip_allocation_policy": [],
            "label_fingerprint": "a9dc16a7",
            "location": "us-central1-a",
            "logging_config": [
              {
                "enable_components": [
                  "SYSTEM_COMPONENTS",
                  "WORKLOADS"
                ]
              }
            ],
            "logging_service": "logging.googleapis.com/kubernetes",
            "maintenance_policy": [],
            "master_auth": [
              {
                "client_certificate": "",
                "client_certificate_config": [
                  {
                    "issue_client_certificate": false
                  }
                ],
                "client_key": "",
                "cluster_ca_certificate": "LS0tLS1CRUdJTiBDRVJUSUZJQ0FURS0tLS0tCk1JSUVMRENDQXBTZ0F3SUJBZ0lRVHE1bWZOMW5DSzNPZUxoR1dwWjlZekFOQmdrcWhraUc5dzBCQVFzRkFEQXYKTVMwd0t3WURWUVFERXlSbE1URTVaakpsTXkwd1l6RmpMVFJrTXpNdFlXTmtOaTB4WkRBeE1HVTFNalk0WTJFdwpJQmNOTWpNeE1EQXhNVE0xTWpReldoZ1BNakExTXpBNU1qTXhORFV5TkROYU1DOHhMVEFyQmdOVkJBTVRKR1V4Ck1UbG1NbVV6TFRCak1XTXROR1F6TXkxaFkyUTJMVEZrTURFd1pUVXlOamhqWVRDQ0FhSXdEUVlKS29aSWh2Y04KQVFFQkJRQURnZ0dQQURDQ0FZb0NnZ0dCQU5GUWhic0hMQWFxWFU4WWxMUXEwb0ZOVTVBM3FxdUF0UktMNEZ3dApDNVJTVnVTckhYb0FSbE5JbnVEYlh5dERaa09MalJSLytJMTNDUis0bTdxTzduTHFVY3llaVJRbGIzdVQ3WGhNCmMzSTcxNnh5cm5hWHZGYUdDb2Zlc3hjMG1QV2tmZmZ6V1dkVnJrbjJhUDNVK2pvVGZHZ21wUXJSVldYVHYyN1EKQnBHb3pBZm9WMERnK3h3dDNNRkYxbEZEMW9yL1FWUUZBQTJFNE9Xcjg5d29PaWpvVjJ0TXgrK1dTK1gzOE5TYgpZZVhMck85NnY1RExEa0NhZ3VJR2o3S25KV2p5b1NCYVpXek1MTWdDRjFGZUNTMjlvQ3JaTHNrZ3N6NVBISDlmCmJtUk1rOEdLYkNibUpMT3MvZmFSL1BlTFk2ZTJkb3hKWk1LVE1pRnNnY29sNWw1MlBJcFZiTU5QYmVIVDF2VDEKaU4wb1cvZEJBU09GSnVWaVBoRlZYQzY1MWdLTGlHaTRjVG02aDByN3FpeGxSb2RVMmNmUVRTM3RRMUtZZll1YgpwU1FGRUhLVWcvRzRMdFFNYU9BeTlncGZycU1kaDBCUXZtWkVxdVJsQUlCdmNMVXQyRlViQlA2dEZmc09OT1QrCmN6UTNyNGh4b0pCVGsxZlZuUHlIL3V6RVh3SURBUUFCbzBJd1FEQU9CZ05WSFE4QkFmOEVCQU1DQWdRd0R3WUQKVlIwVEFRSC9CQVV3QXdFQi96QWRCZ05WSFE0RUZnUVV6ZXpITEsyZHJhTUNUWmJmcU1TbzVyeUk0ZUV3RFFZSgpLb1pJaHZjTkFRRUxCUUFEZ2dHQkFGeG5uR09mVEV3YkcvZDdiK0puUzFkayt2Z3FEZ0hoUGxObHFvdm5uMGNCClYvY0lUNmFTYWdjSTR6RUtmQTVlNmJldzhLbFdiTk5aZGFNN25tYjlMSDZ2NWkxZ3dCK25hTEJRTTdkaDYyYSsKc1IrRFBZOUMvRC9jSmtJTE05b0hSQjV2MVducnFLaFc2M3hCTHhocnhHQUFqZ0tEb2FnMmhvclIxSEhYTjc5cgpMdkJkWHJzaXdFN0hDcHkzYTZHQTZLbjVYaGFoK2ZUMHpTN3p4T2FPYzBZelJsem9pUEtjdlY4T2huTmFCVFNrCkppczhpcHVqcW9taU5yQzhuMHEwUW1Wd25Bc1gwSktkWXAwZGJ4ZnZ1M1d6STg0UnZNYWZOYXB1Y05DN2tLY0MKYkQwR1ZFczRSL2JqTlkwbXh1Qm5VNGtmejljbkVWSGRERUwxSjBNN1VveVlmQzY4MXlwSjNYNEp0WTVRQXloMgo3MHpZdkhYRWlJTmpIOU9HZ1ZDOUgzRStsa1FJVEViYTRjekFwOER3bUc2eFY5bmdFcFE0MzBlV1Qwd2t4amFaCjZsemFBTUk1Q3JtTS9OOGNLbzIvNGxFWlI3NUo4MXg1dzQyUGdtb1E1bG1SVUJBc3FWaE5WTkFoU3drVjkxVTIKQ2I5UXZrUDVvQ0l5OTJCS3FaSkZmQT09Ci0tLS0tRU5EIENFUlRJRklDQVRFLS0tLS0K"
              }
            ],
            "master_authorized_networks_config": [],
            "master_version": "1.27.3-gke.100",
            "mesh_certificates": [],
            "min_master_version": null,
            "monitoring_config": [
              {
                "advanced_datapath_observability_config": [
                  {
                    "enable_metrics": false,
                    "relay_mode": "DISABLED"
                  }
                ],
                "enable_components": [
                  "SYSTEM_COMPONENTS"
                ],
                "managed_prometheus": [
                  {
                    "enabled": true
                  }
                ]
              }
            ],
            "monitoring_service": "monitoring.googleapis.com/kubernetes",
            "name": "zi-cluster",
            "network": "projects/zoominfo-project/global/networks/default",
            "network_policy": [
              {
                "enabled": false,
                "provider": "PROVIDER_UNSPECIFIED"
              }
            ],
            "networking_mode": "ROUTES",
            "node_config": [
              {
                "advanced_machine_features": [],
                "boot_disk_kms_key": "",
                "confidential_nodes": [],
                "disk_size_gb": 100,
                "disk_type": "pd-balanced",
                "ephemeral_storage_local_ssd_config": [],
                "fast_socket": [],
                "gcfs_config": [],
                "guest_accelerator": [],
                "gvnic": [],
                "host_maintenance_policy": [],
                "image_type": "COS_CONTAINERD",
                "kubelet_config": [],
                "labels": {},
                "linux_node_config": [],
                "local_nvme_ssd_block_config": [],
                "local_ssd_count": 0,
                "logging_variant": "DEFAULT",
                "machine_type": "n1-standard-2",
                "metadata": {
                  "disable-legacy-endpoints": "true"
                },
                "min_cpu_platform": "",
                "node_group": "",
                "oauth_scopes": [
                  "https://www.googleapis.com/auth/devstorage.read_only",
                  "https://www.googleapis.com/auth/logging.write",
                  "https://www.googleapis.com/auth/monitoring",
                  "https://www.googleapis.com/auth/service.management.readonly",
                  "https://www.googleapis.com/auth/servicecontrol",
                  "https://www.googleapis.com/auth/trace.append"
                ],
                "preemptible": false,
                "reservation_affinity": [],
                "resource_labels": null,
                "service_account": "default",
                "shielded_instance_config": [
                  {
                    "enable_integrity_monitoring": true,
                    "enable_secure_boot": false
                  }
                ],
                "sole_tenant_config": [],
                "spot": false,
                "tags": null,
                "taint": [],
                "workload_metadata_config": []
              }
            ],
            "node_locations": [],
            "node_pool": [
              {
                "autoscaling": [],
                "initial_node_count": 1,
                "instance_group_urls": [
                  "https://www.googleapis.com/compute/v1/projects/zoominfo-project/zones/us-central1-a/instanceGroupManagers/gke-zi-cluster-default-pool-70521ab4-grp"
                ],
                "managed_instance_group_urls": [
                  "https://www.googleapis.com/compute/v1/projects/zoominfo-project/zones/us-central1-a/instanceGroups/gke-zi-cluster-default-pool-70521ab4-grp"
                ],
                "management": [
                  {
                    "auto_repair": true,
                    "auto_upgrade": true
                  }
                ],
                "max_pods_per_node": 0,
                "name": "default-pool",
                "name_prefix": "",
                "network_config": [
                  {
                    "create_pod_range": false,
                    "enable_private_nodes": false,
                    "pod_cidr_overprovision_config": [],
                    "pod_ipv4_cidr_block": "",
                    "pod_range": ""
                  }
                ],
                "node_config": [
                  {
                    "advanced_machine_features": [],
                    "boot_disk_kms_key": "",
                    "confidential_nodes": [],
                    "disk_size_gb": 100,
                    "disk_type": "pd-balanced",
                    "ephemeral_storage_local_ssd_config": [],
                    "fast_socket": [],
                    "gcfs_config": [],
                    "guest_accelerator": [],
                    "gvnic": [],
                    "host_maintenance_policy": [],
                    "image_type": "COS_CONTAINERD",
                    "kubelet_config": [],
                    "labels": {},
                    "linux_node_config": [],
                    "local_nvme_ssd_block_config": [],
                    "local_ssd_count": 0,
                    "logging_variant": "DEFAULT",
                    "machine_type": "n1-standard-2",
                    "metadata": {
                      "disable-legacy-endpoints": "true"
                    },
                    "min_cpu_platform": "",
                    "node_group": "",
                    "oauth_scopes": [
                      "https://www.googleapis.com/auth/devstorage.read_only",
                      "https://www.googleapis.com/auth/logging.write",
                      "https://www.googleapis.com/auth/monitoring",
                      "https://www.googleapis.com/auth/service.management.readonly",
                      "https://www.googleapis.com/auth/servicecontrol",
                      "https://www.googleapis.com/auth/trace.append"
                    ],
                    "preemptible": false,
                    "reservation_affinity": [],
                    "resource_labels": {},
                    "service_account": "default",
                    "shielded_instance_config": [
                      {
                        "enable_integrity_monitoring": true,
                        "enable_secure_boot": false
                      }
                    ],
                    "sole_tenant_config": [],
                    "spot": false,
                    "tags": [],
                    "taint": [],
                    "workload_metadata_config": []
                  }
                ],
                "node_count": 1,
                "node_locations": [
                  "us-central1-a"
                ],
                "placement_policy": [],
                "upgrade_settings": [
                  {
                    "blue_green_settings": [],
                    "max_surge": 1,
                    "max_unavailable": 0,
                    "strategy": "SURGE"
                  }
                ],
                "version": "1.27.3-gke.100"
              }
            ],
            "node_pool_auto_config": [],
            "node_pool_defaults": [
              {
                "node_config_defaults": [
                  {
                    "logging_variant": "DEFAULT"
                  }
                ]
              }
            ],
            "node_version": "1.27.3-gke.100",
            "notification_config": [
              {
                "pubsub": [
                  {
                    "enabled": false,
                    "filter": [],
                    "topic": ""
                  }
                ]
              }
            ],
            "operation": null,
            "private_cluster_config": [
              {
                "enable_private_endpoint": false,
                "enable_private_nodes": false,
                "master_global_access_config": [
                  {
                    "enabled": false
                  }
                ],
                "master_ipv4_cidr_block": "",
                "peering_name": "",
                "private_endpoint": "10.128.0.30",
                "private_endpoint_subnetwork": "",
                "public_endpoint": "34.72.191.184"
              }
            ],
            "private_ipv6_google_access": "",
            "project": "zoominfo-project",
            "release_channel": [
              {
                "channel": "REGULAR"
              }
            ],
            "remove_default_node_pool": null,
            "resource_labels": null,
            "resource_usage_export_config": [],
            "security_posture_config": [
              {
                "mode": "BASIC",
                "vulnerability_mode": "VULNERABILITY_MODE_UNSPECIFIED"
              }
            ],
            "self_link": "https://container.googleapis.com/v1/projects/zoominfo-project/zones/us-central1-a/clusters/zi-cluster",
            "service_external_ips_config": [
              {
                "enabled": false
              }
            ],
            "services_ipv4_cidr": "10.3.240.0/20",
            "subnetwork": "projects/zoominfo-project/regions/us-central1/subnetworks/default",
            "timeouts": null,
            "tpu_ipv4_cidr_block": "",
            "vertical_pod_autoscaling": [],
            "workload_identity_config": []
          },
          "sensitive_attributes": [],
          "private": "eyJlMmJmYjczMC1lY2FhLTExZTYtOGY4OC0zNDM2M2JjN2M0YzAiOnsiY3JlYXRlIjoyNDAwMDAwMDAwMDAwLCJkZWxldGUiOjI0MDAwMDAwMDAwMDAsInJlYWQiOjI0MDAwMDAwMDAwMDAsInVwZGF0ZSI6MzYwMDAwMDAwMDAwMH0sInNjaGVtYV92ZXJzaW9uIjoiMSJ9"
        }
      ]
    }
  ],
  "check_results": null
}
