{
  "version": 4,
  "terraform_version": "1.5.7",
  "serial": 13,
  "lineage": "f1ed8709-ca5a-5a20-54f6-20f75b02f9e5",
  "outputs": {},
  "resources": [
    {
      "mode": "managed",
      "type": "google_container_cluster",
      "name": "my_cluster",
      "provider": "provider[\"registry.terraform.io/hashicorp/google\"]",
      "instances": [
        {
          "schema_version": 1,
          "attributes": {
            "addons_config": [
              {
                "cloudrun_config": [],
                "config_connector_config": [],
                "dns_cache_config": [],
                "gce_persistent_disk_csi_driver_config": [
                  {
                    "enabled": true
                  }
                ],
                "gcp_filestore_csi_driver_config": [],
                "gcs_fuse_csi_driver_config": [],
                "gke_backup_agent_config": [],
                "horizontal_pod_autoscaling": [],
                "http_load_balancing": [],
                "network_policy_config": [
                  {
                    "disabled": true
                  }
                ]
              }
            ],
            "allow_net_admin": null,
            "authenticator_groups_config": [],
            "binary_authorization": [
              {
                "enabled": false,
                "evaluation_mode": ""
              }
            ],
            "cluster_autoscaling": [
              {
                "auto_provisioning_defaults": [],
                "enabled": false,
                "resource_limits": []
              }
            ],
            "cluster_ipv4_cidr": "10.0.0.0/14",
            "confidential_nodes": [],
            "cost_management_config": [],
            "database_encryption": [
              {
                "key_name": "",
                "state": "DECRYPTED"
              }
            ],
            "datapath_provider": "",
            "default_max_pods_per_node": null,
            "default_snat_status": [
              {
                "disabled": false
              }
            ],
            "description": "",
            "dns_config": [],
            "enable_autopilot": false,
            "enable_binary_authorization": false,
            "enable_intranode_visibility": false,
            "enable_k8s_beta_apis": [],
            "enable_kubernetes_alpha": false,
            "enable_l4_ilb_subsetting": false,
            "enable_legacy_abac": false,
            "enable_shielded_nodes": true,
            "enable_tpu": false,
            "endpoint": "34.72.89.39",
            "gateway_api_config": [],
            "id": "projects/zoominfo-project/locations/us-central1/clusters/zi-cluster",
            "initial_node_count": 1,
            "ip_allocation_policy": [],
            "label_fingerprint": "a9dc16a7",
            "location": "us-central1",
            "logging_config": [
              {
                "enable_components": [
                  "SYSTEM_COMPONENTS",
                  "WORKLOADS"
                ]
              }
            ],
            "logging_service": "logging.googleapis.com/kubernetes",
            "maintenance_policy": [],
            "master_auth": [
              {
                "client_certificate": "",
                "client_certificate_config": [
                  {
                    "issue_client_certificate": false
                  }
                ],
                "client_key": "",
                "cluster_ca_certificate": "LS0tLS1CRUdJTiBDRVJUSUZJQ0FURS0tLS0tCk1JSUVMVENDQXBXZ0F3SUJBZ0lSQUorbk1WTlM4cjRNWkZQcEhXQVM1UFl3RFFZSktvWklodmNOQVFFTEJRQXcKTHpFdE1Dc0dBMVVFQXhNa01XRXlNakZsTUdJdFpXRmtOaTAwTW1GaUxUbGhNMkV0TVRkaE5XRm1PR1pqTURaaApNQ0FYRFRJek1UQXdNVEV6TWpBd01sb1lEekl3TlRNd09USXpNVFF5TURBeVdqQXZNUzB3S3dZRFZRUURFeVF4CllUSXlNV1V3WWkxbFlXUTJMVFF5WVdJdE9XRXpZUzB4TjJFMVlXWTRabU13Tm1Fd2dnR2lNQTBHQ1NxR1NJYjMKRFFFQkFRVUFBNElCandBd2dnR0tBb0lCZ1FDOWx5ZHZEeFR1NUhmbk0xcUREeVNOTVBESmtyK2I2ZlgwSlRRNwpLZmZxcnF2dHZnQTJwZ01FY0FpTG1YUkh4WHlUaGhTWk1hZERwWWVwdHRzcDdBUDg4SCtSeXI3NDJHSWE5OXNiCnpJeFh2U05sbEpJRFhvVHdqZDRYNHJKM0t2ODRRS3d2SGdjaXM1Q0Y3a1ovRnVJWXF4YlExWGxlOEUzelBCVm4KN3hLcFhDbkY0OHo1MXJLWkNsUnJiRDdzVE5iakNSMWlZM3BiNXk4TFU2TDdRMVFIbWlXQlNmeXpnTHQvWlRSQgpFd3UxOXM3RWh5enNNV1NNWG5SSVhoYWU3dElhd1pJUEc5bWxQb2FqOTd0Z2h6ekxGOC9UQUFNT2FPRWE4ZnQ3Ck9UNXAwc01tRDR4aGJSZldUUm1lWXJzOU9oejQ3R0p0Y1Y4TE5qOUI2SW9WQ3lqMTBUTkMrY0trVVh5TXlEMTIKT1ZDM2RrMVZMNzlEN3A5dFVuVTZCZDNxRWFtcEk3UHJNaWU0TE1FRWhKeGdqUmkxOWM2VFE1OU55amFWdFVUWQpLNUMycFlLd29CYlBjdUlQcVJxR09TMlBzQzBWMlFLQUhkMzVnNmowemFmcWUxVVZHSEVEK2dXNGxKQkNBNUV3CmtFYWdoR0dYTDZZTVB6SDFhNXFpdjkwRlNLVUNBd0VBQWFOQ01FQXdEZ1lEVlIwUEFRSC9CQVFEQWdJRU1BOEcKQTFVZEV3RUIvd1FGTUFNQkFmOHdIUVlEVlIwT0JCWUVGUGRUYkpVSzNsdXRGZzJ6ekRoSlJ6b0JjOUxxTUEwRwpDU3FHU0liM0RRRUJDd1VBQTRJQmdRQ05MYUpVZ3RlVHdzWVlzajdSSHVObmlIdERkZUhsTUFubmpSRm45VVNMCnlMOUZyNmJKWlJHL3ZNbkdqNVg5bmViVHE0dU1iVUFzMHBVd2JOWXNqakdEZ3hFVTVPTUNaTlNhQktQaXAvZUMKaHBEbVVKa2FWeU5lY2haeDlNUGYrZTFqbngyRzUrTjZmU21zcTZIRTFOdmp2aDVyK0o0bVhncWsxMTlqUERFQgpUb2d5bUNEdTBoTUF2UzAxTjhSbnF2Z2ZvOWU4MmFtMndWQ0RhV0V4TVk0SDU3aFVrNnhHeTR0MWNSTldSaHlBCmk2b0o2WTh3aG92UCttcFRFUWN5S0M1bDdiUE1UTFc5MENqSUxueGU5WjhTQWpaV3JRYVluOHh1YjBpTDlkS00KaFJSSEdrc3YvMzBGYWorTG1ZQzR1aEIwMHRHQ2t1czFjaUo2YnlQVjgyemhtQXhFNGRwWGZOQ0t4MkIrQjBoMgp1bndKVVJrVUZQQTRvSlZER3FOTTd6eDRBZDNzeGRyMU1vRmIyYlBldzRtZjBST3ZTZStuaE9XdldPTER6QWZFClllSXExT243V2h5TzhBb2I0UjBSdlZxUTQzc0FkaXc4bERPYUkxWmtoSzUrMy9DeXhEYkVkUUppaXlSbWl2YnoKaWdCTkUvSmY4TzNtZWhzcVZ5SE43cDA9Ci0tLS0tRU5EIENFUlRJRklDQVRFLS0tLS0K"
              }
            ],
            "master_authorized_networks_config": [],
            "master_version": "1.27.3-gke.100",
            "mesh_certificates": [],
            "min_master_version": null,
            "monitoring_config": [
              {
                "advanced_datapath_observability_config": [
                  {
                    "enable_metrics": false,
                    "relay_mode": "DISABLED"
                  }
                ],
                "enable_components": [
                  "SYSTEM_COMPONENTS"
                ],
                "managed_prometheus": [
                  {
                    "enabled": true
                  }
                ]
              }
            ],
            "monitoring_service": "monitoring.googleapis.com/kubernetes",
            "name": "zi-cluster",
            "network": "projects/zoominfo-project/global/networks/default",
            "network_policy": [
              {
                "enabled": false,
                "provider": "PROVIDER_UNSPECIFIED"
              }
            ],
            "networking_mode": "ROUTES",
            "node_config": [
              {
                "advanced_machine_features": [],
                "boot_disk_kms_key": "",
                "confidential_nodes": [],
                "disk_size_gb": 100,
                "disk_type": "pd-balanced",
                "ephemeral_storage_local_ssd_config": [],
                "fast_socket": [],
                "gcfs_config": [],
                "guest_accelerator": [],
                "gvnic": [],
                "host_maintenance_policy": [],
                "image_type": "COS_CONTAINERD",
                "kubelet_config": [],
                "labels": {},
                "linux_node_config": [],
                "local_nvme_ssd_block_config": [],
                "local_ssd_count": 0,
                "logging_variant": "DEFAULT",
                "machine_type": "e2-medium",
                "metadata": {
                  "disable-legacy-endpoints": "true"
                },
                "min_cpu_platform": "",
                "node_group": "",
                "oauth_scopes": [
                  "https://www.googleapis.com/auth/devstorage.read_only",
                  "https://www.googleapis.com/auth/logging.write",
                  "https://www.googleapis.com/auth/monitoring",
                  "https://www.googleapis.com/auth/service.management.readonly",
                  "https://www.googleapis.com/auth/servicecontrol",
                  "https://www.googleapis.com/auth/trace.append"
                ],
                "preemptible": false,
                "reservation_affinity": [],
                "resource_labels": {},
                "service_account": "default",
                "shielded_instance_config": [
                  {
                    "enable_integrity_monitoring": true,
                    "enable_secure_boot": false
                  }
                ],
                "sole_tenant_config": [],
                "spot": false,
                "tags": [],
                "taint": [],
                "workload_metadata_config": []
              }
            ],
            "node_locations": [
              "us-central1-a",
              "us-central1-c",
              "us-central1-f"
            ],
            "node_pool": [
              {
                "autoscaling": [],
                "initial_node_count": 1,
                "instance_group_urls": [
                  "https://www.googleapis.com/compute/v1/projects/zoominfo-project/zones/us-central1-c/instanceGroupManagers/gke-zi-cluster-default-pool-9aa802ba-grp",
                  "https://www.googleapis.com/compute/v1/projects/zoominfo-project/zones/us-central1-f/instanceGroupManagers/gke-zi-cluster-default-pool-be1f66cb-grp",
                  "https://www.googleapis.com/compute/v1/projects/zoominfo-project/zones/us-central1-a/instanceGroupManagers/gke-zi-cluster-default-pool-5330fd56-grp"
                ],
                "managed_instance_group_urls": [
                  "https://www.googleapis.com/compute/v1/projects/zoominfo-project/zones/us-central1-c/instanceGroups/gke-zi-cluster-default-pool-9aa802ba-grp",
                  "https://www.googleapis.com/compute/v1/projects/zoominfo-project/zones/us-central1-f/instanceGroups/gke-zi-cluster-default-pool-be1f66cb-grp",
                  "https://www.googleapis.com/compute/v1/projects/zoominfo-project/zones/us-central1-a/instanceGroups/gke-zi-cluster-default-pool-5330fd56-grp"
                ],
                "management": [
                  {
                    "auto_repair": true,
                    "auto_upgrade": true
                  }
                ],
                "max_pods_per_node": 0,
                "name": "default-pool",
                "name_prefix": "",
                "network_config": [
                  {
                    "create_pod_range": false,
                    "enable_private_nodes": false,
                    "pod_cidr_overprovision_config": [],
                    "pod_ipv4_cidr_block": "",
                    "pod_range": ""
                  }
                ],
                "node_config": [
                  {
                    "advanced_machine_features": [],
                    "boot_disk_kms_key": "",
                    "confidential_nodes": [],
                    "disk_size_gb": 100,
                    "disk_type": "pd-balanced",
                    "ephemeral_storage_local_ssd_config": [],
                    "fast_socket": [],
                    "gcfs_config": [],
                    "guest_accelerator": [],
                    "gvnic": [],
                    "host_maintenance_policy": [],
                    "image_type": "COS_CONTAINERD",
                    "kubelet_config": [],
                    "labels": {},
                    "linux_node_config": [],
                    "local_nvme_ssd_block_config": [],
                    "local_ssd_count": 0,
                    "logging_variant": "DEFAULT",
                    "machine_type": "e2-medium",
                    "metadata": {
                      "disable-legacy-endpoints": "true"
                    },
                    "min_cpu_platform": "",
                    "node_group": "",
                    "oauth_scopes": [
                      "https://www.googleapis.com/auth/devstorage.read_only",
                      "https://www.googleapis.com/auth/logging.write",
                      "https://www.googleapis.com/auth/monitoring",
                      "https://www.googleapis.com/auth/service.management.readonly",
                      "https://www.googleapis.com/auth/servicecontrol",
                      "https://www.googleapis.com/auth/trace.append"
                    ],
                    "preemptible": false,
                    "reservation_affinity": [],
                    "resource_labels": {},
                    "service_account": "default",
                    "shielded_instance_config": [
                      {
                        "enable_integrity_monitoring": true,
                        "enable_secure_boot": false
                      }
                    ],
                    "sole_tenant_config": [],
                    "spot": false,
                    "tags": [],
                    "taint": [],
                    "workload_metadata_config": []
                  }
                ],
                "node_count": 1,
                "node_locations": [
                  "us-central1-a",
                  "us-central1-c",
                  "us-central1-f"
                ],
                "placement_policy": [],
                "upgrade_settings": [
                  {
                    "blue_green_settings": [],
                    "max_surge": 1,
                    "max_unavailable": 0,
                    "strategy": "SURGE"
                  }
                ],
                "version": "1.27.3-gke.100"
              }
            ],
            "node_pool_auto_config": [],
            "node_pool_defaults": [
              {
                "node_config_defaults": [
                  {
                    "logging_variant": "DEFAULT"
                  }
                ]
              }
            ],
            "node_version": "1.27.3-gke.100",
            "notification_config": [
              {
                "pubsub": [
                  {
                    "enabled": false,
                    "filter": [],
                    "topic": ""
                  }
                ]
              }
            ],
            "operation": null,
            "private_cluster_config": [
              {
                "enable_private_endpoint": false,
                "enable_private_nodes": false,
                "master_global_access_config": [
                  {
                    "enabled": false
                  }
                ],
                "master_ipv4_cidr_block": "",
                "peering_name": "",
                "private_endpoint": "10.128.0.26",
                "private_endpoint_subnetwork": "",
                "public_endpoint": "34.72.89.39"
              }
            ],
            "private_ipv6_google_access": "",
            "project": "zoominfo-project",
            "release_channel": [
              {
                "channel": "REGULAR"
              }
            ],
            "remove_default_node_pool": null,
            "resource_labels": null,
            "resource_usage_export_config": [],
            "security_posture_config": [
              {
                "mode": "BASIC",
                "vulnerability_mode": "VULNERABILITY_MODE_UNSPECIFIED"
              }
            ],
            "self_link": "https://container.googleapis.com/v1/projects/zoominfo-project/locations/us-central1/clusters/zi-cluster",
            "service_external_ips_config": [
              {
                "enabled": false
              }
            ],
            "services_ipv4_cidr": "10.3.240.0/20",
            "subnetwork": "projects/zoominfo-project/regions/us-central1/subnetworks/default",
            "timeouts": null,
            "tpu_ipv4_cidr_block": "",
            "vertical_pod_autoscaling": [],
            "workload_identity_config": []
          },
          "sensitive_attributes": [],
          "private": "eyJlMmJmYjczMC1lY2FhLTExZTYtOGY4OC0zNDM2M2JjN2M0YzAiOnsiY3JlYXRlIjoyNDAwMDAwMDAwMDAwLCJkZWxldGUiOjI0MDAwMDAwMDAwMDAsInJlYWQiOjI0MDAwMDAwMDAwMDAsInVwZGF0ZSI6MzYwMDAwMDAwMDAwMH0sInNjaGVtYV92ZXJzaW9uIjoiMSJ9"
        }
      ]
    },
    {
      "mode": "managed",
      "type": "google_storage_bucket",
      "name": "my_bucket",
      "provider": "provider[\"registry.terraform.io/hashicorp/google\"]",
      "instances": [
        {
          "schema_version": 0,
          "attributes": {
            "autoclass": [],
            "cors": [],
            "custom_placement_config": [],
            "default_event_based_hold": false,
            "encryption": [],
            "force_destroy": false,
            "id": "zinfo-bucket",
            "labels": {},
            "lifecycle_rule": [],
            "location": "US-CENTRAL1",
            "logging": [],
            "name": "zinfo-bucket",
            "project": "zoominfo-project",
            "public_access_prevention": "inherited",
            "requester_pays": false,
            "retention_policy": [],
            "self_link": "https://www.googleapis.com/storage/v1/b/zinfo-bucket",
            "storage_class": "STANDARD",
            "timeouts": null,
            "uniform_bucket_level_access": true,
            "url": "gs://zinfo-bucket",
            "versioning": [],
            "website": []
          },
          "sensitive_attributes": [],
          "private": "eyJlMmJmYjczMC1lY2FhLTExZTYtOGY4OC0zNDM2M2JjN2M0YzAiOnsiY3JlYXRlIjo2MDAwMDAwMDAwMDAsInJlYWQiOjI0MDAwMDAwMDAwMCwidXBkYXRlIjoyNDAwMDAwMDAwMDB9fQ=="
        }
      ]
    },
    {
      "mode": "managed",
      "type": "null_resource",
      "name": "python_script",
      "provider": "provider[\"registry.terraform.io/hashicorp/null\"]",
      "instances": [
        {
          "status": "tainted",
          "schema_version": 0,
          "attributes": {
            "id": "8755427974700996012",
            "triggers": null
          },
          "sensitive_attributes": [],
          "dependencies": [
            "google_container_cluster.my_cluster"
          ]
        }
      ]
    }
  ],
  "check_results": null
}
